
Microsoft Visual Studio Solution File, Format Version 12.00
# Visual Studio Version 16
VisualStudioVersion = 25.0.1706.13
MinimumVisualStudioVersion = 10.0.40219.1
Project("{FAE04EC0-301F-11D3-BF4B-00C04F79EFBC}") = "String2", "String2.csproj", "{993BCED3-CE2D-415C-AF3C-A64317DD75BD}"
EndProject
Global
	GlobalSection(SolutionConfigurationPlatforms) = preSolution
		Debug|Any CPU = Debug|Any CPU
		Release|Any CPU = Release|Any CPU
	EndGlobalSection
	GlobalSection(ProjectConfigurationPlatforms) = postSolution
		{993BCED3-CE2D-415C-AF3C-A64317DD75BD}.Debug|Any CPU.ActiveCfg = Debug|Any CPU
		{993BCED3-CE2D-415C-AF3C-A64317DD75BD}.Debug|Any CPU.Build.0 = Debug|Any CPU
		{993BCED3-CE2D-415C-AF3C-A64317DD75BD}.Release|Any CPU.ActiveCfg = Release|Any CPU
		{993BCED3-CE2D-415C-AF3C-A64317DD75BD}.Release|Any CPU.Build.0 = Release|Any CPU
	EndGlobalSection
	GlobalSection(SolutionProperties) = preSolution
		HideSolutionNode = FALSE
	EndGlobalSection
	GlobalSection(ExtensibilityGlobals) = postSolution
		SolutionGuid = {0DC68587-AF09-4C6B-B352-35732BCEA6D6}
	EndGlobalSection
EndGlobal
