
Microsoft Visual Studio Solution File, Format Version 12.00
# Visual Studio Version 16
VisualStudioVersion = 25.0.1706.13
MinimumVisualStudioVersion = 10.0.40219.1
Project("{FAE04EC0-301F-11D3-BF4B-00C04F79EFBC}") = "Inrehitence", "Inrehitence\Inrehitence.csproj", "{6C945CC6-894D-444C-A50A-7D3A6D11023E}"
EndProject
Global
	GlobalSection(SolutionConfigurationPlatforms) = preSolution
		Debug|Any CPU = Debug|Any CPU
		Release|Any CPU = Release|Any CPU
	EndGlobalSection
	GlobalSection(ProjectConfigurationPlatforms) = postSolution
		{6C945CC6-894D-444C-A50A-7D3A6D11023E}.Debug|Any CPU.ActiveCfg = Debug|Any CPU
		{6C945CC6-894D-444C-A50A-7D3A6D11023E}.Debug|Any CPU.Build.0 = Debug|Any CPU
		{6C945CC6-894D-444C-A50A-7D3A6D11023E}.Release|Any CPU.ActiveCfg = Release|Any CPU
		{6C945CC6-894D-444C-A50A-7D3A6D11023E}.Release|Any CPU.Build.0 = Release|Any CPU
	EndGlobalSection
	GlobalSection(SolutionProperties) = preSolution
		HideSolutionNode = FALSE
	EndGlobalSection
	GlobalSection(ExtensibilityGlobals) = postSolution
		SolutionGuid = {4084123F-8DA8-4FD6-A3E1-D0E72C85A77B}
	EndGlobalSection
EndGlobal
