
Microsoft Visual Studio Solution File, Format Version 12.00
# Visual Studio Version 16
VisualStudioVersion = 25.0.1706.13
MinimumVisualStudioVersion = 10.0.40219.1
Project("{FAE04EC0-301F-11D3-BF4B-00C04F79EFBC}") = "ECommercePlatform", "ECommercePlatform\ECommercePlatform.csproj", "{78B1CAF0-60AA-4D92-891D-905C6E67718C}"
EndProject
Global
	GlobalSection(SolutionConfigurationPlatforms) = preSolution
		Debug|Any CPU = Debug|Any CPU
		Release|Any CPU = Release|Any CPU
	EndGlobalSection
	GlobalSection(ProjectConfigurationPlatforms) = postSolution
		{78B1CAF0-60AA-4D92-891D-905C6E67718C}.Debug|Any CPU.ActiveCfg = Debug|Any CPU
		{78B1CAF0-60AA-4D92-891D-905C6E67718C}.Debug|Any CPU.Build.0 = Debug|Any CPU
		{78B1CAF0-60AA-4D92-891D-905C6E67718C}.Release|Any CPU.ActiveCfg = Release|Any CPU
		{78B1CAF0-60AA-4D92-891D-905C6E67718C}.Release|Any CPU.Build.0 = Release|Any CPU
	EndGlobalSection
	GlobalSection(SolutionProperties) = preSolution
		HideSolutionNode = FALSE
	EndGlobalSection
	GlobalSection(ExtensibilityGlobals) = postSolution
		SolutionGuid = {D89F6732-D492-4995-B73C-626DBC457D45}
	EndGlobalSection
EndGlobal
